
Microsoft Visual Studio Solution File, Format Version 12.00
# Visual Studio Version 16
VisualStudioVersion = 16.0.31624.102
MinimumVisualStudioVersion = 10.0.40219.1
Project("{FAE04EC0-301F-11D3-BF4B-00C04F79EFBC}") = "WebApplication3", "WebApplication3\WebApplication3.csproj", "{298CCC20-69BC-40CE-9CCA-B50A415818A2}"
EndProject
Global
	GlobalSection(SolutionConfigurationPlatforms) = preSolution
		Debug|Any CPU = Debug|Any CPU
		Release|Any CPU = Release|Any CPU
	EndGlobalSection
	GlobalSection(ProjectConfigurationPlatforms) = postSolution
		{298CCC20-69BC-40CE-9CCA-B50A415818A2}.Debug|Any CPU.ActiveCfg = Debug|Any CPU
		{298CCC20-69BC-40CE-9CCA-B50A415818A2}.Debug|Any CPU.Build.0 = Debug|Any CPU
		{298CCC20-69BC-40CE-9CCA-B50A415818A2}.Release|Any CPU.ActiveCfg = Release|Any CPU
		{298CCC20-69BC-40CE-9CCA-B50A415818A2}.Release|Any CPU.Build.0 = Release|Any CPU
	EndGlobalSection
	GlobalSection(SolutionProperties) = preSolution
		HideSolutionNode = FALSE
	EndGlobalSection
	GlobalSection(ExtensibilityGlobals) = postSolution
		SolutionGuid = {00A1AA9C-3F56-411D-AABD-54F5336D6EAA}
	EndGlobalSection
EndGlobal
